
Microsoft Visual Studio Solution File, Format Version 12.00
# Visual Studio Version 17
VisualStudioVersion = 17.8.34601.278
MinimumVisualStudioVersion = 10.0.40219.1
Project("{8BC9CEB8-8B4A-11D0-8D11-00A0C91BC942}") = "217. Contains Duplicate", "217. Contains Duplicate.vcxproj", "{DA57105D-3B4B-4E81-8E0F-1C00DE13346C}"
EndProject
Global
	GlobalSection(SolutionConfigurationPlatforms) = preSolution
		Debug|x64 = Debug|x64
		Debug|x86 = Debug|x86
		Release|x64 = Release|x64
		Release|x86 = Release|x86
	EndGlobalSection
	GlobalSection(ProjectConfigurationPlatforms) = postSolution
		{DA57105D-3B4B-4E81-8E0F-1C00DE13346C}.Debug|x64.ActiveCfg = Debug|x64
		{DA57105D-3B4B-4E81-8E0F-1C00DE13346C}.Debug|x64.Build.0 = Debug|x64
		{DA57105D-3B4B-4E81-8E0F-1C00DE13346C}.Debug|x86.ActiveCfg = Debug|Win32
		{DA57105D-3B4B-4E81-8E0F-1C00DE13346C}.Debug|x86.Build.0 = Debug|Win32
		{DA57105D-3B4B-4E81-8E0F-1C00DE13346C}.Release|x64.ActiveCfg = Release|x64
		{DA57105D-3B4B-4E81-8E0F-1C00DE13346C}.Release|x64.Build.0 = Release|x64
		{DA57105D-3B4B-4E81-8E0F-1C00DE13346C}.Release|x86.ActiveCfg = Release|Win32
		{DA57105D-3B4B-4E81-8E0F-1C00DE13346C}.Release|x86.Build.0 = Release|Win32
	EndGlobalSection
	GlobalSection(SolutionProperties) = preSolution
		HideSolutionNode = FALSE
	EndGlobalSection
	GlobalSection(ExtensibilityGlobals) = postSolution
		SolutionGuid = {A2C73220-F141-4A7E-BF23-D6B95EC3E744}
	EndGlobalSection
EndGlobal
